
Microsoft Visual Studio Solution File, Format Version 12.00
# Visual Studio 15
VisualStudioVersion = 15.0.26430.16
MinimumVisualStudioVersion = 10.0.40219.1
Project("{9A19103F-16F7-4668-BE54-9A1E7A4F7556}") = "docker-netcore-sqlserver-example", "src\docker-netcore-sqlserver-example.csproj", "{5FFAAA3E-AA63-417B-9197-23E2C5F7CBAD}"
EndProject
Project("{E53339B2-1760-4266-BCC7-CA923CBCF16C}") = "docker-compose", "docker-compose.dcproj", "{FEB250B5-BF74-4750-8978-3A221BA6C283}"
EndProject
Global
	GlobalSection(SolutionConfigurationPlatforms) = preSolution
		Debug|Any CPU = Debug|Any CPU
		Release|Any CPU = Release|Any CPU
	EndGlobalSection
	GlobalSection(ProjectConfigurationPlatforms) = postSolution
		{5FFAAA3E-AA63-417B-9197-23E2C5F7CBAD}.Debug|Any CPU.ActiveCfg = Debug|Any CPU
		{5FFAAA3E-AA63-417B-9197-23E2C5F7CBAD}.Debug|Any CPU.Build.0 = Debug|Any CPU
		{5FFAAA3E-AA63-417B-9197-23E2C5F7CBAD}.Release|Any CPU.ActiveCfg = Release|Any CPU
		{5FFAAA3E-AA63-417B-9197-23E2C5F7CBAD}.Release|Any CPU.Build.0 = Release|Any CPU
		{FEB250B5-BF74-4750-8978-3A221BA6C283}.Debug|Any CPU.ActiveCfg = Debug|Any CPU
		{FEB250B5-BF74-4750-8978-3A221BA6C283}.Debug|Any CPU.Build.0 = Debug|Any CPU
		{FEB250B5-BF74-4750-8978-3A221BA6C283}.Release|Any CPU.ActiveCfg = Release|Any CPU
		{FEB250B5-BF74-4750-8978-3A221BA6C283}.Release|Any CPU.Build.0 = Release|Any CPU
	EndGlobalSection
	GlobalSection(SolutionProperties) = preSolution
		HideSolutionNode = FALSE
	EndGlobalSection
EndGlobal
